[[package]]
name = "asgiref"
version = "3.5.2"
description = "ASGI specs, helper code, and adapters"
category = "main"
optional = false
python-versions = ">=3.7"

[package.extras]
tests = ["pytest", "pytest-asyncio", "mypy (>=0.800)"]

[[package]]
name = "crispy-bootstrap5"
version = "0.6"
description = "Bootstrap5 template pack for django-crispy-forms"
category = "main"
optional = false
python-versions = ">=3.6"

[package.dependencies]
django = ">=2.2"
django-crispy-forms = ">=1.13.0"

[package.extras]
test = ["pytest", "pytest-django"]

[[package]]
name = "django"
version = "4.0.6"
description = "A high-level Python web framework that encourages rapid development and clean, pragmatic design."
category = "main"
optional = false
python-versions = ">=3.8"

[package.dependencies]
asgiref = ">=3.4.1,<4"
sqlparse = ">=0.2.2"
tzdata = {version = "*", markers = "sys_platform == \"win32\""}

[package.extras]
argon2 = ["argon2-cffi (>=19.1.0)"]
bcrypt = ["bcrypt"]

[[package]]
name = "django-crispy-forms"
version = "1.14.0"
description = "Best way to have Django DRY forms"
category = "main"
optional = false
python-versions = ">=3.7"

[[package]]
name = "sqlparse"
version = "0.4.2"
description = "A non-validating SQL parser."
category = "main"
optional = false
python-versions = ">=3.5"

[[package]]
name = "tzdata"
version = "2022.1"
description = "Provider of IANA time zone data"
category = "main"
optional = false
python-versions = ">=2"

[metadata]
lock-version = "1.1"
python-versions = "^3.10"
content-hash = "e55c078a75c60f5625d85cd620b8b0a8f4dfbe94ab48fb76f1fb34a1b167f4aa"

[metadata.files]
asgiref = [
    {file = "asgiref-3.5.2-py3-none-any.whl", hash = "sha256:1d2880b792ae8757289136f1db2b7b99100ce959b2aa57fd69dab783d05afac4"},
    {file = "asgiref-3.5.2.tar.gz", hash = "sha256:4a29362a6acebe09bf1d6640db38c1dc3d9217c68e6f9f6204d72667fc19a424"},
]
crispy-bootstrap5 = [
    {file = "crispy-bootstrap5-0.6.tar.gz", hash = "sha256:e8c50daaf266d6127c7414f5669d5f2467b640d08b045ed9dd57e351d30609ae"},
    {file = "crispy_bootstrap5-0.6-py3-none-any.whl", hash = "sha256:ca5d2afc2a5d1cf12b8d057886a81002cdf7793afcbe0ce006c2294069c1f387"},
]
django = [
    {file = "Django-4.0.6-py3-none-any.whl", hash = "sha256:ca54ebedfcbc60d191391efbf02ba68fb52165b8bf6ccd6fe71f098cac1fe59e"},
    {file = "Django-4.0.6.tar.gz", hash = "sha256:a67a793ff6827fd373555537dca0da293a63a316fe34cb7f367f898ccca3c3ae"},
]
django-crispy-forms = [
    {file = "django-crispy-forms-1.14.0.tar.gz", hash = "sha256:35887b8851a931374dd697207a8f56c57a9c5cb9dbf0b9fa54314da5666cea5b"},
    {file = "django_crispy_forms-1.14.0-py3-none-any.whl", hash = "sha256:bc4d2037f6de602d39c0bc452ac3029d1f5d65e88458872cc4dbc01c3a400604"},
]
sqlparse = [
    {file = "sqlparse-0.4.2-py3-none-any.whl", hash = "sha256:48719e356bb8b42991bdbb1e8b83223757b93789c00910a616a071910ca4a64d"},
    {file = "sqlparse-0.4.2.tar.gz", hash = "sha256:0c00730c74263a94e5a9919ade150dfc3b19c574389985446148402998287dae"},
]
tzdata = [
    {file = "tzdata-2022.1-py2.py3-none-any.whl", hash = "sha256:238e70234214138ed7b4e8a0fab0e5e13872edab3be586ab8198c407620e2ab9"},
    {file = "tzdata-2022.1.tar.gz", hash = "sha256:8b536a8ec63dc0751342b3984193a3118f8fca2afe25752bb9b7fffd398552d3"},
]
